# THIS IS AN AUTOGENERATED FILE. DO NOT EDIT THIS FILE DIRECTLY.
# yarn lockfile v1


day1@^1.0.0:
  version "1.0.0"
  resolved "https://registry.yarnpkg.com/day1/-/day1-1.0.0.tgz#3978c0dd6bfd2aed23a6f43e8cb2f4c655ed0e20"
  integrity sha512-jUCSQhvXVmeXaZEixAt6WjmC5YhfX0SMkjOo9kwLeHXRdmeWiNsezsfTJLSkYIs+5SVtSmFwysjsp5WI+HLRKQ==
  dependencies:
    mime "^1.3.4"

mime@^1.3.4:
  version "1.6.0"
  resolved "https://registry.yarnpkg.com/mime/-/mime-1.6.0.tgz#32cd9e5c64553bd58d19a568af452acff04981b1"
  integrity sha512-x0Vn8spI+wuJ1O6S7gnbaQg8Pxh4NNHb7KSINmEWKiPE4RKOplvijn+NkmYmmRgP68mc70j2EbeTFRsrswaQeg==

workspace@^0.0.1-preview.1:
  version "0.0.1-preview.1"
  resolved "https://registry.yarnpkg.com/workspace/-/workspace-0.0.1-preview.1.tgz#0ba0a6b92b3dbc7f1502dd12bc27a37b1eec9083"
  integrity sha512-oPpEvU7NIQ0MW7ReL+EigMUI2JPNp05kmqzWS6zXVUaSq5KxuQzfgxGd8wuurBulBkTaOnEcGge+2rriyDVHkw==
